
Microsoft Visual Studio Solution File, Format Version 12.00
# Visual Studio Version 17
VisualStudioVersion = 17.0.31903.59
MinimumVisualStudioVersion = 10.0.40219.1
Project("{FAE04EC0-301F-11D3-BF4B-00C04F79EFBC}") = "TwoFactorDemo", "TwoFactorDemo\TwoFactorDemo.csproj", "{998E83B2-AD27-4B1C-A600-741E584798DF}"
EndProject
Project("{FAE04EC0-301F-11D3-BF4B-00C04F79EFBC}") = "TwoFactorDemo.Tests", "TwoFactorDemo.Tests\TwoFactorDemo.Tests.csproj", "{405C4ACA-7521-4E85-B813-E98FA08B7206}"
EndProject
Global
	GlobalSection(SolutionConfigurationPlatforms) = preSolution
		Debug|Any CPU = Debug|Any CPU
		Debug|x64 = Debug|x64
		Debug|x86 = Debug|x86
		Release|Any CPU = Release|Any CPU
		Release|x64 = Release|x64
		Release|x86 = Release|x86
	EndGlobalSection
	GlobalSection(ProjectConfigurationPlatforms) = postSolution
		{998E83B2-AD27-4B1C-A600-741E584798DF}.Debug|Any CPU.ActiveCfg = Debug|Any CPU
		{998E83B2-AD27-4B1C-A600-741E584798DF}.Debug|Any CPU.Build.0 = Debug|Any CPU
		{998E83B2-AD27-4B1C-A600-741E584798DF}.Debug|x64.ActiveCfg = Debug|Any CPU
		{998E83B2-AD27-4B1C-A600-741E584798DF}.Debug|x64.Build.0 = Debug|Any CPU
		{998E83B2-AD27-4B1C-A600-741E584798DF}.Debug|x86.ActiveCfg = Debug|Any CPU
		{998E83B2-AD27-4B1C-A600-741E584798DF}.Debug|x86.Build.0 = Debug|Any CPU
		{998E83B2-AD27-4B1C-A600-741E584798DF}.Release|Any CPU.ActiveCfg = Release|Any CPU
		{998E83B2-AD27-4B1C-A600-741E584798DF}.Release|Any CPU.Build.0 = Release|Any CPU
		{998E83B2-AD27-4B1C-A600-741E584798DF}.Release|x64.ActiveCfg = Release|Any CPU
		{998E83B2-AD27-4B1C-A600-741E584798DF}.Release|x64.Build.0 = Release|Any CPU
		{998E83B2-AD27-4B1C-A600-741E584798DF}.Release|x86.ActiveCfg = Release|Any CPU
		{998E83B2-AD27-4B1C-A600-741E584798DF}.Release|x86.Build.0 = Release|Any CPU
		{405C4ACA-7521-4E85-B813-E98FA08B7206}.Debug|Any CPU.ActiveCfg = Debug|Any CPU
		{405C4ACA-7521-4E85-B813-E98FA08B7206}.Debug|Any CPU.Build.0 = Debug|Any CPU
		{405C4ACA-7521-4E85-B813-E98FA08B7206}.Debug|x64.ActiveCfg = Debug|Any CPU
		{405C4ACA-7521-4E85-B813-E98FA08B7206}.Debug|x64.Build.0 = Debug|Any CPU
		{405C4ACA-7521-4E85-B813-E98FA08B7206}.Debug|x86.ActiveCfg = Debug|Any CPU
		{405C4ACA-7521-4E85-B813-E98FA08B7206}.Debug|x86.Build.0 = Debug|Any CPU
		{405C4ACA-7521-4E85-B813-E98FA08B7206}.Release|Any CPU.ActiveCfg = Release|Any CPU
		{405C4ACA-7521-4E85-B813-E98FA08B7206}.Release|Any CPU.Build.0 = Release|Any CPU
		{405C4ACA-7521-4E85-B813-E98FA08B7206}.Release|x64.ActiveCfg = Release|Any CPU
		{405C4ACA-7521-4E85-B813-E98FA08B7206}.Release|x64.Build.0 = Release|Any CPU
		{405C4ACA-7521-4E85-B813-E98FA08B7206}.Release|x86.ActiveCfg = Release|Any CPU
		{405C4ACA-7521-4E85-B813-E98FA08B7206}.Release|x86.Build.0 = Release|Any CPU
	EndGlobalSection
	GlobalSection(SolutionProperties) = preSolution
		HideSolutionNode = FALSE
	EndGlobalSection
EndGlobal
